
Microsoft Visual Studio Solution File, Format Version 12.00
# Visual Studio Version 17
VisualStudioVersion = 17.4.33213.308
MinimumVisualStudioVersion = 10.0.40219.1
Project("{FAE04EC0-301F-11D3-BF4B-00C04F79EFBC}") = "prj_eStock", "prj_eStock.csproj", "{C36C39A6-F574-4E01-8E40-A29FB078A73B}"
EndProject
Global
	GlobalSection(SolutionConfigurationPlatforms) = preSolution
		Debug|Any CPU = Debug|Any CPU
		Release|Any CPU = Release|Any CPU
	EndGlobalSection
	GlobalSection(ProjectConfigurationPlatforms) = postSolution
		{C36C39A6-F574-4E01-8E40-A29FB078A73B}.Debug|Any CPU.ActiveCfg = Debug|Any CPU
		{C36C39A6-F574-4E01-8E40-A29FB078A73B}.Debug|Any CPU.Build.0 = Debug|Any CPU
		{C36C39A6-F574-4E01-8E40-A29FB078A73B}.Release|Any CPU.ActiveCfg = Release|Any CPU
		{C36C39A6-F574-4E01-8E40-A29FB078A73B}.Release|Any CPU.Build.0 = Release|Any CPU
	EndGlobalSection
	GlobalSection(SolutionProperties) = preSolution
		HideSolutionNode = FALSE
	EndGlobalSection
	GlobalSection(ExtensibilityGlobals) = postSolution
		SolutionGuid = {71893F16-87F1-4755-A431-899D5306BC21}
	EndGlobalSection
EndGlobal
